
Microsoft Visual Studio Solution File, Format Version 12.00
# Visual Studio 15
VisualStudioVersion = 15.0.26124.0
MinimumVisualStudioVersion = 15.0.26124.0
Project("{FAE04EC0-301F-11D3-BF4B-00C04F79EFBC}") = "WebApiBase", "WebApiBase\WebApiBase.csproj", "{512D8074-7D8E-4781-A927-4364F18E0AE8}"
EndProject
Project("{FAE04EC0-301F-11D3-BF4B-00C04F79EFBC}") = "WebApiExample", "WebApiExample\WebApiExample.csproj", "{7EF55F57-CFA3-435A-854F-8270DC05D097}"
EndProject
Global
	GlobalSection(SolutionConfigurationPlatforms) = preSolution
		Debug|Any CPU = Debug|Any CPU
		Debug|x64 = Debug|x64
		Debug|x86 = Debug|x86
		Release|Any CPU = Release|Any CPU
		Release|x64 = Release|x64
		Release|x86 = Release|x86
	EndGlobalSection
	GlobalSection(SolutionProperties) = preSolution
		HideSolutionNode = FALSE
	EndGlobalSection
	GlobalSection(ProjectConfigurationPlatforms) = postSolution
		{512D8074-7D8E-4781-A927-4364F18E0AE8}.Debug|Any CPU.ActiveCfg = Debug|Any CPU
		{512D8074-7D8E-4781-A927-4364F18E0AE8}.Debug|Any CPU.Build.0 = Debug|Any CPU
		{512D8074-7D8E-4781-A927-4364F18E0AE8}.Debug|x64.ActiveCfg = Debug|Any CPU
		{512D8074-7D8E-4781-A927-4364F18E0AE8}.Debug|x64.Build.0 = Debug|Any CPU
		{512D8074-7D8E-4781-A927-4364F18E0AE8}.Debug|x86.ActiveCfg = Debug|Any CPU
		{512D8074-7D8E-4781-A927-4364F18E0AE8}.Debug|x86.Build.0 = Debug|Any CPU
		{512D8074-7D8E-4781-A927-4364F18E0AE8}.Release|Any CPU.ActiveCfg = Release|Any CPU
		{512D8074-7D8E-4781-A927-4364F18E0AE8}.Release|Any CPU.Build.0 = Release|Any CPU
		{512D8074-7D8E-4781-A927-4364F18E0AE8}.Release|x64.ActiveCfg = Release|Any CPU
		{512D8074-7D8E-4781-A927-4364F18E0AE8}.Release|x64.Build.0 = Release|Any CPU
		{512D8074-7D8E-4781-A927-4364F18E0AE8}.Release|x86.ActiveCfg = Release|Any CPU
		{512D8074-7D8E-4781-A927-4364F18E0AE8}.Release|x86.Build.0 = Release|Any CPU
		{7EF55F57-CFA3-435A-854F-8270DC05D097}.Debug|Any CPU.ActiveCfg = Debug|Any CPU
		{7EF55F57-CFA3-435A-854F-8270DC05D097}.Debug|Any CPU.Build.0 = Debug|Any CPU
		{7EF55F57-CFA3-435A-854F-8270DC05D097}.Debug|x64.ActiveCfg = Debug|Any CPU
		{7EF55F57-CFA3-435A-854F-8270DC05D097}.Debug|x64.Build.0 = Debug|Any CPU
		{7EF55F57-CFA3-435A-854F-8270DC05D097}.Debug|x86.ActiveCfg = Debug|Any CPU
		{7EF55F57-CFA3-435A-854F-8270DC05D097}.Debug|x86.Build.0 = Debug|Any CPU
		{7EF55F57-CFA3-435A-854F-8270DC05D097}.Release|Any CPU.ActiveCfg = Release|Any CPU
		{7EF55F57-CFA3-435A-854F-8270DC05D097}.Release|Any CPU.Build.0 = Release|Any CPU
		{7EF55F57-CFA3-435A-854F-8270DC05D097}.Release|x64.ActiveCfg = Release|Any CPU
		{7EF55F57-CFA3-435A-854F-8270DC05D097}.Release|x64.Build.0 = Release|Any CPU
		{7EF55F57-CFA3-435A-854F-8270DC05D097}.Release|x86.ActiveCfg = Release|Any CPU
		{7EF55F57-CFA3-435A-854F-8270DC05D097}.Release|x86.Build.0 = Release|Any CPU
	EndGlobalSection
EndGlobal
